Microsoft Visual Studio Solution File, Format Version 11.00
# Visual Studio 2008

Project("{7DF96B18-C230-F90A-DA0A-9E2307226338}") = "Templates", "Assembly-CSharp.csproj", "{77B728F8-EBE7-531E-21EF-EF4D70ED754B}"
EndProject
Project("{7DF96B18-C230-F90A-DA0A-9E2307226338}") = "Templates", "Assembly-CSharp-Editor.csproj", "{D6BACE88-DB0C-C91C-B13A-8BE582887855}"
EndProject
Global
	GlobalSection(SolutionConfigurationPlatforms) = preSolution
		Debug|Any CPU = Debug|Any CPU
		Release|Any CPU = Release|Any CPU
	EndGlobalSection
	GlobalSection(ProjectConfigurationPlatforms) = postSolution
		{77B728F8-EBE7-531E-21EF-EF4D70ED754B}.Debug|Any CPU.ActiveCfg = Debug|Any CPU
		{77B728F8-EBE7-531E-21EF-EF4D70ED754B}.Debug|Any CPU.Build.0 = Debug|Any CPU
		{77B728F8-EBE7-531E-21EF-EF4D70ED754B}.Release|Any CPU.ActiveCfg = Release|Any CPU
		{77B728F8-EBE7-531E-21EF-EF4D70ED754B}.Release|Any CPU.Build.0 = Release|Any CPU
		{D6BACE88-DB0C-C91C-B13A-8BE582887855}.Debug|Any CPU.ActiveCfg = Debug|Any CPU
		{D6BACE88-DB0C-C91C-B13A-8BE582887855}.Debug|Any CPU.Build.0 = Debug|Any CPU
		{D6BACE88-DB0C-C91C-B13A-8BE582887855}.Release|Any CPU.ActiveCfg = Release|Any CPU
		{D6BACE88-DB0C-C91C-B13A-8BE582887855}.Release|Any CPU.Build.0 = Release|Any CPU
	EndGlobalSection
	GlobalSection(SolutionProperties) = preSolution
		HideSolutionNode = FALSE
	EndGlobalSection
																																																																																GlobalSection(MonoDevelopProperties) = preSolution
=======
<<<<<<< HEAD
																																																																													GlobalSection(MonoDevelopProperties) = preSolution
=======
																																																																												GlobalSection(MonoDevelopProperties) = preSolution
>>>>>>> 4a7bbad0c17905ef2b2b56bb4699b66fc4f5c429
>>>>>>> f0df708ac062f268032c484b8d1110e065e3480f
=======
																																																																										GlobalSection(MonoDevelopProperties) = preSolution
>>>>>>> a8d5e32262292052129cdfffe821e7ad20dfef0a
=======
																																																																													GlobalSection(MonoDevelopProperties) = preSolution
=======
																																																																																					GlobalSection(MonoDevelopProperties) = preSolution
>>>>>>> b92cac390788756ba88c2d8a72ca60aaed33f7cb
=======
																																																																																						GlobalSection(MonoDevelopProperties) = preSolution
>>>>>>> cf30fa34513903e130e6aa549ba67f5f8729e4b7
=======
<<<<<<< HEAD
																																																																						GlobalSection(MonoDevelopProperties) = preSolution
=======
																																																																										GlobalSection(MonoDevelopProperties) = preSolution
>>>>>>> a8d5e32262292052129cdfffe821e7ad20dfef0a
>>>>>>> c9023926a1783cb7fc8d381cc2f18d6c2d72366f
>>>>>>> 9838bd0d4b1950a2f3cbaac3f9c990ebc48ae2e9
		StartupItem = Assembly-CSharp.csproj
		Policies = $0
		$0.TextStylePolicy = $1
		$1.inheritsSet = null
		$1.scope = text/x-csharp
		$0.CSharpFormattingPolicy = $2
		$2.inheritsSet = Mono
		$2.inheritsScope = text/x-csharp
		$2.scope = text/x-csharp
		$0.TextStylePolicy = $3
		$3.FileWidth = 120
		$3.TabWidth = 4
		$3.IndentWidth = 4
		$3.EolMarker = Unix
		$3.inheritsSet = Mono
		$3.inheritsScope = text/plain
		$3.scope = text/plain
	EndGlobalSection

EndGlobal
