Microsoft Visual Studio Solution File, Format Version 11.00
# Visual Studio 2008

Project("{86B6E350-26DD-29DE-5919-5E50E41C27C1}") = "SequencingProject", "Assembly-CSharp-vs.csproj", "{816B87A5-787A-E97E-D67B-74E56B352BF8}"
EndProject
Project("{86B6E350-26DD-29DE-5919-5E50E41C27C1}") = "SequencingProject", "Assembly-CSharp-Editor-vs.csproj", "{AE86C0C8-1858-ECBF-1692-0473C5D0C656}"
EndProject
Global
	GlobalSection(SolutionConfigurationPlatforms) = preSolution
		Debug|Any CPU = Debug|Any CPU
		Release|Any CPU = Release|Any CPU
	EndGlobalSection
	GlobalSection(ProjectConfigurationPlatforms) = postSolution
		{816B87A5-787A-E97E-D67B-74E56B352BF8}.Debug|Any CPU.ActiveCfg = Debug|Any CPU
		{816B87A5-787A-E97E-D67B-74E56B352BF8}.Debug|Any CPU.Build.0 = Debug|Any CPU
		{816B87A5-787A-E97E-D67B-74E56B352BF8}.Release|Any CPU.ActiveCfg = Release|Any CPU
		{816B87A5-787A-E97E-D67B-74E56B352BF8}.Release|Any CPU.Build.0 = Release|Any CPU
		{AE86C0C8-1858-ECBF-1692-0473C5D0C656}.Debug|Any CPU.ActiveCfg = Debug|Any CPU
		{AE86C0C8-1858-ECBF-1692-0473C5D0C656}.Debug|Any CPU.Build.0 = Debug|Any CPU
		{AE86C0C8-1858-ECBF-1692-0473C5D0C656}.Release|Any CPU.ActiveCfg = Release|Any CPU
		{AE86C0C8-1858-ECBF-1692-0473C5D0C656}.Release|Any CPU.Build.0 = Release|Any CPU
	EndGlobalSection
	GlobalSection(SolutionProperties) = preSolution
		HideSolutionNode = FALSE
	EndGlobalSection
																																																																																																																																																	GlobalSection(MonoDevelopProperties) = preSolution
		StartupItem = Assembly-CSharp.csproj
		Policies = $0
		$0.TextStylePolicy = $1
		$1.inheritsSet = null
		$1.scope = text/x-csharp
		$0.CSharpFormattingPolicy = $2
		$2.inheritsSet = Mono
		$2.inheritsScope = text/x-csharp
		$2.scope = text/x-csharp
		$0.TextStylePolicy = $3
		$3.FileWidth = 120
		$3.TabWidth = 4
		$3.EolMarker = Unix
		$3.inheritsSet = Mono
		$3.inheritsScope = text/plain
		$3.scope = text/plain
	EndGlobalSection

EndGlobal
